
Microsoft Visual Studio Solution File, Format Version 12.00
# Visual Studio Version 17
VisualStudioVersion = 17.6.33815.320
MinimumVisualStudioVersion = 10.0.40219.1
Project("{FAE04EC0-301F-11D3-BF4B-00C04F79EFBC}") = "BlogTrackerWebAPI", "BlogTrackerWebAPI\BlogTrackerWebAPI.csproj", "{4E629710-4EA8-42F0-BFBA-A09DF05FD5BE}"
EndProject
Project("{FAE04EC0-301F-11D3-BF4B-00C04F79EFBC}") = "MVC", "..\MVC\MVC.csproj", "{002BC142-3D2D-424E-94DF-B13A14299CC3}"
EndProject
Global
	GlobalSection(SolutionConfigurationPlatforms) = preSolution
		Debug|Any CPU = Debug|Any CPU
		Release|Any CPU = Release|Any CPU
	EndGlobalSection
	GlobalSection(ProjectConfigurationPlatforms) = postSolution
		{4E629710-4EA8-42F0-BFBA-A09DF05FD5BE}.Debug|Any CPU.ActiveCfg = Debug|Any CPU
		{4E629710-4EA8-42F0-BFBA-A09DF05FD5BE}.Debug|Any CPU.Build.0 = Debug|Any CPU
		{4E629710-4EA8-42F0-BFBA-A09DF05FD5BE}.Release|Any CPU.ActiveCfg = Release|Any CPU
		{4E629710-4EA8-42F0-BFBA-A09DF05FD5BE}.Release|Any CPU.Build.0 = Release|Any CPU
		{002BC142-3D2D-424E-94DF-B13A14299CC3}.Debug|Any CPU.ActiveCfg = Debug|Any CPU
		{002BC142-3D2D-424E-94DF-B13A14299CC3}.Debug|Any CPU.Build.0 = Debug|Any CPU
		{002BC142-3D2D-424E-94DF-B13A14299CC3}.Release|Any CPU.ActiveCfg = Release|Any CPU
		{002BC142-3D2D-424E-94DF-B13A14299CC3}.Release|Any CPU.Build.0 = Release|Any CPU
	EndGlobalSection
	GlobalSection(SolutionProperties) = preSolution
		HideSolutionNode = FALSE
	EndGlobalSection
	GlobalSection(ExtensibilityGlobals) = postSolution
		SolutionGuid = {926A9AD4-D90E-4FBA-85E3-9F2036B2EA89}
	EndGlobalSection
EndGlobal
